
Microsoft Visual Studio Solution File, Format Version 12.00
# Visual Studio Version 17
VisualStudioVersion = 17.13.35806.99 d17.13
MinimumVisualStudioVersion = 10.0.40219.1
Project("{FAE04EC0-301F-11D3-BF4B-00C04F79EFBC}") = "42MailLibray", "42MailLibray\42MailLibray.csproj", "{5CC75F4F-8C05-4071-AF41-9696DA5895D2}"
EndProject
Project("{FAE04EC0-301F-11D3-BF4B-00C04F79EFBC}") = "42MailWeb", "42MailWeb\42MailWeb.csproj", "{D8F40B85-9ACB-413F-B1AB-AC210EEBFEBC}"
EndProject
Global
	GlobalSection(SolutionConfigurationPlatforms) = preSolution
		Debug|Any CPU = Debug|Any CPU
		Release|Any CPU = Release|Any CPU
	EndGlobalSection
	GlobalSection(ProjectConfigurationPlatforms) = postSolution
		{5CC75F4F-8C05-4071-AF41-9696DA5895D2}.Debug|Any CPU.ActiveCfg = Debug|Any CPU
		{5CC75F4F-8C05-4071-AF41-9696DA5895D2}.Debug|Any CPU.Build.0 = Debug|Any CPU
		{5CC75F4F-8C05-4071-AF41-9696DA5895D2}.Release|Any CPU.ActiveCfg = Release|Any CPU
		{5CC75F4F-8C05-4071-AF41-9696DA5895D2}.Release|Any CPU.Build.0 = Release|Any CPU
		{D8F40B85-9ACB-413F-B1AB-AC210EEBFEBC}.Debug|Any CPU.ActiveCfg = Debug|Any CPU
		{D8F40B85-9ACB-413F-B1AB-AC210EEBFEBC}.Debug|Any CPU.Build.0 = Debug|Any CPU
		{D8F40B85-9ACB-413F-B1AB-AC210EEBFEBC}.Release|Any CPU.ActiveCfg = Release|Any CPU
		{D8F40B85-9ACB-413F-B1AB-AC210EEBFEBC}.Release|Any CPU.Build.0 = Release|Any CPU
	EndGlobalSection
	GlobalSection(SolutionProperties) = preSolution
		HideSolutionNode = FALSE
	EndGlobalSection
	GlobalSection(ExtensibilityGlobals) = postSolution
		SolutionGuid = {83580464-790E-41E4-8E01-9D32F5C52813}
	EndGlobalSection
EndGlobal
